# @generated by Move, please check-in and do not edit manually.

[move]
version = 3
manifest_digest = "7E80089E1FF4C8DC936A6CEDFC322C0E0DCCA3984A6C774A35D01D4F9D04782B"
deps_digest = "F8BBB0CCB2491CA29A3DF03D6F92277A4F3574266507ACD77214D37ECA3F3082"
dependencies = [
  { id = "Sui", name = "Sui" },
]

[[move.package]]
id = "MoveStdlib"
source = { git = "https://github.com/MystenLabs/sui.git", rev = "framework/devnet", subdir = "crates\\sui-framework\\packages\\move-stdlib" }

[[move.package]]
id = "Sui"
source = { git = "https://github.com/MystenLabs/sui.git", rev = "framework/devnet", subdir = "crates/sui-framework/packages/sui-framework" }

dependencies = [
  { id = "MoveStdlib", name = "MoveStdlib" },
]

[move.toolchain-version]
compiler-version = "1.49.1"
edition = "2024"
flavor = "sui"

[env]

[env.devnet]
chain-id = "4a06526c"
original-published-id = "0x3e62fb6f6b34bc6f96e50f372b796713ba8d5875eddf296aa72185fe59c662f9"
latest-published-id = "0x3e62fb6f6b34bc6f96e50f372b796713ba8d5875eddf296aa72185fe59c662f9"
published-version = "1"
